
Microsoft Visual Studio Solution File, Format Version 12.00
# Visual Studio Version 17
VisualStudioVersion = 17.0.31903.59
MinimumVisualStudioVersion = 10.0.40219.1
Project("{FAE04EC0-301F-11D3-BF4B-00C04F79EFBC}") = "AsyncHandler.Workflows", "AsyncHandler.Workflows\AsyncHandler.Workflows.csproj", "{55D6912C-0254-4583-84C5-C61384EEB9CE}"
EndProject
Global
	GlobalSection(SolutionConfigurationPlatforms) = preSolution
		Debug|Any CPU = Debug|Any CPU
		Release|Any CPU = Release|Any CPU
	EndGlobalSection
	GlobalSection(SolutionProperties) = preSolution
		HideSolutionNode = FALSE
	EndGlobalSection
	GlobalSection(ProjectConfigurationPlatforms) = postSolution
		{55D6912C-0254-4583-84C5-C61384EEB9CE}.Debug|Any CPU.ActiveCfg = Debug|Any CPU
		{55D6912C-0254-4583-84C5-C61384EEB9CE}.Debug|Any CPU.Build.0 = Debug|Any CPU
		{55D6912C-0254-4583-84C5-C61384EEB9CE}.Release|Any CPU.ActiveCfg = Release|Any CPU
		{55D6912C-0254-4583-84C5-C61384EEB9CE}.Release|Any CPU.Build.0 = Release|Any CPU
	EndGlobalSection
EndGlobal
